// !$*UTF8*$!
{
	archiveVersion = 1;
	classes = {
	};
	objectVersion = 50;
	objects = {

/* Begin PBXBuildFile section */
		3B1475DB24D307D100C74E21 /* ErrorMessage.swift in Sources */ = {isa = PBXBuildFile; fileRef = 3B1475DA24D307D100C74E21 /* ErrorMessage.swift */; };
		3B21CC3E23F2FE4500F7851C /* GFButton.swift in Sources */ = {isa = PBXBuildFile; fileRef = 3B21CC3D23F2FE4500F7851C /* GFButton.swift */; };
		3B21CC4023F3013A00F7851C /* GFTextField.swift in Sources */ = {isa = PBXBuildFile; fileRef = 3B21CC3F23F3013A00F7851C /* GFTextField.swift */; };
		3B85285C23CCB6F6004191B2 /* AppDelegate.swift in Sources */ = {isa = PBXBuildFile; fileRef = 3B85285B23CCB6F6004191B2 /* AppDelegate.swift */; };
		3B85285E23CCB6F6004191B2 /* SceneDelegate.swift in Sources */ = {isa = PBXBuildFile; fileRef = 3B85285D23CCB6F6004191B2 /* SceneDelegate.swift */; };
		3B85286523CCB6F7004191B2 /* Assets.xcassets in Resources */ = {isa = PBXBuildFile; fileRef = 3B85286423CCB6F7004191B2 /* Assets.xcassets */; };
		3B85286823CCB6F7004191B2 /* LaunchScreen.storyboard in Resources */ = {isa = PBXBuildFile; fileRef = 3B85286623CCB6F7004191B2 /* LaunchScreen.storyboard */; };
		3B85287023CCBB29004191B2 /* SearchVC.swift in Sources */ = {isa = PBXBuildFile; fileRef = 3B85286F23CCBB29004191B2 /* SearchVC.swift */; };
		3B85287223CCBB5F004191B2 /* FavoritesListVC.swift in Sources */ = {isa = PBXBuildFile; fileRef = 3B85287123CCBB5F004191B2 /* FavoritesListVC.swift */; };
		3BBD5F4A24436CF6004CB001 /* FollowerListVC.swift in Sources */ = {isa = PBXBuildFile; fileRef = 3BBD5F4924436CF6004CB001 /* FollowerListVC.swift */; };
		3BBD5F4C244C7EC8004CB001 /* GFTitleLabel.swift in Sources */ = {isa = PBXBuildFile; fileRef = 3BBD5F4B244C7EC8004CB001 /* GFTitleLabel.swift */; };
		3BBD5F4E244C8004004CB001 /* GFBodyLabel.swift in Sources */ = {isa = PBXBuildFile; fileRef = 3BBD5F4D244C8004004CB001 /* GFBodyLabel.swift */; };
		3BBD5F50244C809F004CB001 /* GFAlertVC.swift in Sources */ = {isa = PBXBuildFile; fileRef = 3BBD5F4F244C809F004CB001 /* GFAlertVC.swift */; };
		3BBD5F52244C85DD004CB001 /* UIViewController+Ext.swift in Sources */ = {isa = PBXBuildFile; fileRef = 3BBD5F51244C85DD004CB001 /* UIViewController+Ext.swift */; };
		3BBD5F59244C8BFE004CB001 /* Follower.swift in Sources */ = {isa = PBXBuildFile; fileRef = 3BBD5F58244C8BFE004CB001 /* Follower.swift */; };
		3BBD5F5B244C8CBF004CB001 /* User.swift in Sources */ = {isa = PBXBuildFile; fileRef = 3BBD5F5A244C8CBF004CB001 /* User.swift */; };
		3BBD5F5E244CABCF004CB001 /* NetworkManager.swift in Sources */ = {isa = PBXBuildFile; fileRef = 3BBD5F5D244CABCF004CB001 /* NetworkManager.swift */; };
/* End PBXBuildFile section */

/* Begin PBXFileReference section */
		3B1475DA24D307D100C74E21 /* ErrorMessage.swift */ = {isa = PBXFileReference; lastKnownFileType = sourcecode.swift; path = ErrorMessage.swift; sourceTree = "<group>"; };
		3B21CC3D23F2FE4500F7851C /* GFButton.swift */ = {isa = PBXFileReference; lastKnownFileType = sourcecode.swift; path = GFButton.swift; sourceTree = "<group>"; };
		3B21CC3F23F3013A00F7851C /* GFTextField.swift */ = {isa = PBXFileReference; lastKnownFileType = sourcecode.swift; path = GFTextField.swift; sourceTree = "<group>"; };
		3B85285823CCB6F6004191B2 /* GHFollowers.app */ = {isa = PBXFileReference; explicitFileType = wrapper.application; includeInIndex = 0; path = GHFollowers.app; sourceTree = BUILT_PRODUCTS_DIR; };
		3B85285B23CCB6F6004191B2 /* AppDelegate.swift */ = {isa = PBXFileReference; lastKnownFileType = sourcecode.swift; path = AppDelegate.swift; sourceTree = "<group>"; };
		3B85285D23CCB6F6004191B2 /* SceneDelegate.swift */ = {isa = PBXFileReference; lastKnownFileType = sourcecode.swift; path = SceneDelegate.swift; sourceTree = "<group>"; };
		3B85286423CCB6F7004191B2 /* Assets.xcassets */ = {isa = PBXFileReference; lastKnownFileType = folder.assetcatalog; path = Assets.xcassets; sourceTree = "<group>"; };
		3B85286723CCB6F7004191B2 /* Base */ = {isa = PBXFileReference; lastKnownFileType = file.storyboard; name = Base; path = Base.lproj/LaunchScreen.storyboard; sourceTree = "<group>"; };
		3B85286923CCB6F7004191B2 /* Info.plist */ = {isa = PBXFileReference; lastKnownFileType = text.plist.xml; path = Info.plist; sourceTree = "<group>"; };
		3B85286F23CCBB29004191B2 /* SearchVC.swift */ = {isa = PBXFileReference; lastKnownFileType = sourcecode.swift; path = SearchVC.swift; sourceTree = "<group>"; };
		3B85287123CCBB5F004191B2 /* FavoritesListVC.swift */ = {isa = PBXFileReference; lastKnownFileType = sourcecode.swift; path = FavoritesListVC.swift; sourceTree = "<group>"; };
		3BBD5F4924436CF6004CB001 /* FollowerListVC.swift */ = {isa = PBXFileReference; lastKnownFileType = sourcecode.swift; path = FollowerListVC.swift; sourceTree = "<group>"; };
		3BBD5F4B244C7EC8004CB001 /* GFTitleLabel.swift */ = {isa = PBXFileReference; lastKnownFileType = sourcecode.swift; path = GFTitleLabel.swift; sourceTree = "<group>"; };
		3BBD5F4D244C8004004CB001 /* GFBodyLabel.swift */ = {isa = PBXFileReference; lastKnownFileType = sourcecode.swift; path = GFBodyLabel.swift; sourceTree = "<group>"; };
		3BBD5F4F244C809F004CB001 /* GFAlertVC.swift */ = {isa = PBXFileReference; lastKnownFileType = sourcecode.swift; path = GFAlertVC.swift; sourceTree = "<group>"; };
		3BBD5F51244C85DD004CB001 /* UIViewController+Ext.swift */ = {isa = PBXFileReference; lastKnownFileType = sourcecode.swift; path = "UIViewController+Ext.swift"; sourceTree = "<group>"; };
		3BBD5F58244C8BFE004CB001 /* Follower.swift */ = {isa = PBXFileReference; lastKnownFileType = sourcecode.swift; path = Follower.swift; sourceTree = "<group>"; };
		3BBD5F5A244C8CBF004CB001 /* User.swift */ = {isa = PBXFileReference; lastKnownFileType = sourcecode.swift; path = User.swift; sourceTree = "<group>"; };
		3BBD5F5D244CABCF004CB001 /* NetworkManager.swift */ = {isa = PBXFileReference; lastKnownFileType = sourcecode.swift; path = NetworkManager.swift; sourceTree = "<group>"; };
/* End PBXFileReference section */

/* Begin PBXFrameworksBuildPhase section */
		3B85285523CCB6F6004191B2 /* Frameworks */ = {
			isa = PBXFrameworksBuildPhase;
			buildActionMask = 2147483647;
			files = (
			);
			runOnlyForDeploymentPostprocessing = 0;
		};
/* End PBXFrameworksBuildPhase section */

/* Begin PBXGroup section */
		3B1475D924D307B700C74E21 /* Utilities */ = {
			isa = PBXGroup;
			children = (
				3B1475DA24D307D100C74E21 /* ErrorMessage.swift */,
			);
			path = Utilities;
			sourceTree = "<group>";
		};
		3B85284F23CCB6F6004191B2 = {
			isa = PBXGroup;
			children = (
				3B85285A23CCB6F6004191B2 /* GHFollowers */,
				3B85285923CCB6F6004191B2 /* Products */,
			);
			sourceTree = "<group>";
		};
		3B85285923CCB6F6004191B2 /* Products */ = {
			isa = PBXGroup;
			children = (
				3B85285823CCB6F6004191B2 /* GHFollowers.app */,
			);
			name = Products;
			sourceTree = "<group>";
		};
		3B85285A23CCB6F6004191B2 /* GHFollowers */ = {
			isa = PBXGroup;
			children = (
				3B1475D924D307B700C74E21 /* Utilities */,
				3BBD5F5C244CABB8004CB001 /* Managers */,
				3BBD5F57244C8BEB004CB001 /* Model */,
				3BBD5F55244C887E004CB001 /* Extensions */,
				3BBD5F54244C884F004CB001 /* Custom Views */,
				3BBD5F53244C8818004CB001 /* Screens */,
				3BBD5F56244C88D5004CB001 /* Support */,
				3B85286923CCB6F7004191B2 /* Info.plist */,
			);
			path = GHFollowers;
			sourceTree = "<group>";
		};
		3BBD5F53244C8818004CB001 /* Screens */ = {
			isa = PBXGroup;
			children = (
				3B85286F23CCBB29004191B2 /* SearchVC.swift */,
				3B85287123CCBB5F004191B2 /* FavoritesListVC.swift */,
				3BBD5F4924436CF6004CB001 /* FollowerListVC.swift */,
			);
			path = Screens;
			sourceTree = "<group>";
		};
		3BBD5F54244C884F004CB001 /* Custom Views */ = {
			isa = PBXGroup;
			children = (
				3B21CC3D23F2FE4500F7851C /* GFButton.swift */,
				3B21CC3F23F3013A00F7851C /* GFTextField.swift */,
				3BBD5F4B244C7EC8004CB001 /* GFTitleLabel.swift */,
				3BBD5F4D244C8004004CB001 /* GFBodyLabel.swift */,
				3BBD5F4F244C809F004CB001 /* GFAlertVC.swift */,
			);
			path = "Custom Views";
			sourceTree = "<group>";
		};
		3BBD5F55244C887E004CB001 /* Extensions */ = {
			isa = PBXGroup;
			children = (
				3BBD5F51244C85DD004CB001 /* UIViewController+Ext.swift */,
			);
			path = Extensions;
			sourceTree = "<group>";
		};
		3BBD5F56244C88D5004CB001 /* Support */ = {
			isa = PBXGroup;
			children = (
				3B85285B23CCB6F6004191B2 /* AppDelegate.swift */,
				3B85285D23CCB6F6004191B2 /* SceneDelegate.swift */,
				3B85286423CCB6F7004191B2 /* Assets.xcassets */,
				3B85286623CCB6F7004191B2 /* LaunchScreen.storyboard */,
			);
			path = Support;
			sourceTree = "<group>";
		};
		3BBD5F57244C8BEB004CB001 /* Model */ = {
			isa = PBXGroup;
			children = (
				3BBD5F58244C8BFE004CB001 /* Follower.swift */,
				3BBD5F5A244C8CBF004CB001 /* User.swift */,
			);
			path = Model;
			sourceTree = "<group>";
		};
		3BBD5F5C244CABB8004CB001 /* Managers */ = {
			isa = PBXGroup;
			children = (
				3BBD5F5D244CABCF004CB001 /* NetworkManager.swift */,
			);
			path = Managers;
			sourceTree = "<group>";
		};
/* End PBXGroup section */

/* Begin PBXNativeTarget section */
		3B85285723CCB6F6004191B2 /* GHFollowers */ = {
			isa = PBXNativeTarget;
			buildConfigurationList = 3B85286C23CCB6F7004191B2 /* Build configuration list for PBXNativeTarget "GHFollowers" */;
			buildPhases = (
				3B85285423CCB6F6004191B2 /* Sources */,
				3B85285523CCB6F6004191B2 /* Frameworks */,
				3B85285623CCB6F6004191B2 /* Resources */,
			);
			buildRules = (
			);
			dependencies = (
			);
			name = GHFollowers;
			productName = GHFollowers;
			productReference = 3B85285823CCB6F6004191B2 /* GHFollowers.app */;
			productType = "com.apple.product-type.application";
		};
/* End PBXNativeTarget section */

/* Begin PBXProject section */
		3B85285023CCB6F6004191B2 /* Project object */ = {
			isa = PBXProject;
			attributes = {
				LastSwiftUpdateCheck = 1130;
				LastUpgradeCheck = 1130;
				ORGANIZATIONNAME = "조서현";
				TargetAttributes = {
					3B85285723CCB6F6004191B2 = {
						CreatedOnToolsVersion = 11.3;
					};
				};
			};
			buildConfigurationList = 3B85285323CCB6F6004191B2 /* Build configuration list for PBXProject "GHFollowers" */;
			compatibilityVersion = "Xcode 9.3";
			developmentRegion = en;
			hasScannedForEncodings = 0;
			knownRegions = (
				en,
				Base,
			);
			mainGroup = 3B85284F23CCB6F6004191B2;
			productRefGroup = 3B85285923CCB6F6004191B2 /* Products */;
			projectDirPath = "";
			projectRoot = "";
			targets = (
				3B85285723CCB6F6004191B2 /* GHFollowers */,
			);
		};
/* End PBXProject section */

/* Begin PBXResourcesBuildPhase section */
		3B85285623CCB6F6004191B2 /* Resources */ = {
			isa = PBXResourcesBuildPhase;
			buildActionMask = 2147483647;
			files = (
				3B85286823CCB6F7004191B2 /* LaunchScreen.storyboard in Resources */,
				3B85286523CCB6F7004191B2 /* Assets.xcassets in Resources */,
			);
			runOnlyForDeploymentPostprocessing = 0;
		};
/* End PBXResourcesBuildPhase section */

/* Begin PBXSourcesBuildPhase section */
		3B85285423CCB6F6004191B2 /* Sources */ = {
			isa = PBXSourcesBuildPhase;
			buildActionMask = 2147483647;
			files = (
				3BBD5F5B244C8CBF004CB001 /* User.swift in Sources */,
				3B21CC4023F3013A00F7851C /* GFTextField.swift in Sources */,
				3B85287223CCBB5F004191B2 /* FavoritesListVC.swift in Sources */,
				3B21CC3E23F2FE4500F7851C /* GFButton.swift in Sources */,
				3BBD5F52244C85DD004CB001 /* UIViewController+Ext.swift in Sources */,
				3B85287023CCBB29004191B2 /* SearchVC.swift in Sources */,
				3BBD5F50244C809F004CB001 /* GFAlertVC.swift in Sources */,
				3BBD5F4E244C8004004CB001 /* GFBodyLabel.swift in Sources */,
				3BBD5F59244C8BFE004CB001 /* Follower.swift in Sources */,
				3BBD5F4C244C7EC8004CB001 /* GFTitleLabel.swift in Sources */,
				3BBD5F5E244CABCF004CB001 /* NetworkManager.swift in Sources */,
				3BBD5F4A24436CF6004CB001 /* FollowerListVC.swift in Sources */,
				3B85285C23CCB6F6004191B2 /* AppDelegate.swift in Sources */,
				3B1475DB24D307D100C74E21 /* ErrorMessage.swift in Sources */,
				3B85285E23CCB6F6004191B2 /* SceneDelegate.swift in Sources */,
			);
			runOnlyForDeploymentPostprocessing = 0;
		};
/* End PBXSourcesBuildPhase section */

/* Begin PBXVariantGroup section */
		3B85286623CCB6F7004191B2 /* LaunchScreen.storyboard */ = {
			isa = PBXVariantGroup;
			children = (
				3B85286723CCB6F7004191B2 /* Base */,
			);
			name = LaunchScreen.storyboard;
			sourceTree = "<group>";
		};
/* End PBXVariantGroup section */

/* Begin XCBuildConfiguration section */
		3B85286A23CCB6F7004191B2 /* Debug */ = {
			isa = XCBuildConfiguration;
			buildSettings = {
				ALWAYS_SEARCH_USER_PATHS = NO;
				CLANG_ANALYZER_NONNULL = YES;
				CLANG_ANALYZER_NUMBER_OBJECT_CONVERSION = YES_AGGRESSIVE;
				CLANG_CXX_LANGUAGE_STANDARD = "gnu++14";
				CLANG_CXX_LIBRARY = "libc++";
				CLANG_ENABLE_MODULES = YES;
				CLANG_ENABLE_OBJC_ARC = YES;
				CLANG_ENABLE_OBJC_WEAK = YES;
				CLANG_WARN_BLOCK_CAPTURE_AUTORELEASING = YES;
				CLANG_WARN_BOOL_CONVERSION = YES;
				CLANG_WARN_COMMA = YES;
				CLANG_WARN_CONSTANT_CONVERSION = YES;
				CLANG_WARN_DEPRECATED_OBJC_IMPLEMENTATIONS = YES;
				CLANG_WARN_DIRECT_OBJC_ISA_USAGE = YES_ERROR;
				CLANG_WARN_DOCUMENTATION_COMMENTS = YES;
				CLANG_WARN_EMPTY_BODY = YES;
				CLANG_WARN_ENUM_CONVERSION = YES;
				CLANG_WARN_INFINITE_RECURSION = YES;
				CLANG_WARN_INT_CONVERSION = YES;
				CLANG_WARN_NON_LITERAL_NULL_CONVERSION = YES;
				CLANG_WARN_OBJC_IMPLICIT_RETAIN_SELF = YES;
				CLANG_WARN_OBJC_LITERAL_CONVERSION = YES;
				CLANG_WARN_OBJC_ROOT_CLASS = YES_ERROR;
				CLANG_WARN_RANGE_LOOP_ANALYSIS = YES;
				CLANG_WARN_STRICT_PROTOTYPES = YES;
				CLANG_WARN_SUSPICIOUS_MOVE = YES;
				CLANG_WARN_UNGUARDED_AVAILABILITY = YES_AGGRESSIVE;
				CLANG_WARN_UNREACHABLE_CODE = YES;
				CLANG_WARN__DUPLICATE_METHOD_MATCH = YES;
				COPY_PHASE_STRIP = NO;
				DEBUG_INFORMATION_FORMAT = dwarf;
				ENABLE_STRICT_OBJC_MSGSEND = YES;
				ENABLE_TESTABILITY = YES;
				GCC_C_LANGUAGE_STANDARD = gnu11;
				GCC_DYNAMIC_NO_PIC = NO;
				GCC_NO_COMMON_BLOCKS = YES;
				GCC_OPTIMIZATION_LEVEL = 0;
				GCC_PREPROCESSOR_DEFINITIONS = (
					"DEBUG=1",
					"$(inherited)",
				);
				GCC_WARN_64_TO_32_BIT_CONVERSION = YES;
				GCC_WARN_ABOUT_RETURN_TYPE = YES_ERROR;
				GCC_WARN_UNDECLARED_SELECTOR = YES;
				GCC_WARN_UNINITIALIZED_AUTOS = YES_AGGRESSIVE;
				GCC_WARN_UNUSED_FUNCTION = YES;
				GCC_WARN_UNUSED_VARIABLE = YES;
				IPHONEOS_DEPLOYMENT_TARGET = 13.2;
				MTL_ENABLE_DEBUG_INFO = INCLUDE_SOURCE;
				MTL_FAST_MATH = YES;
				ONLY_ACTIVE_ARCH = YES;
				SDKROOT = iphoneos;
				SWIFT_ACTIVE_COMPILATION_CONDITIONS = DEBUG;
				SWIFT_OPTIMIZATION_LEVEL = "-Onone";
			};
			name = Debug;
		};
		3B85286B23CCB6F7004191B2 /* Release */ = {
			isa = XCBuildConfiguration;
			buildSettings = {
				ALWAYS_SEARCH_USER_PATHS = NO;
				CLANG_ANALYZER_NONNULL = YES;
				CLANG_ANALYZER_NUMBER_OBJECT_CONVERSION = YES_AGGRESSIVE;
				CLANG_CXX_LANGUAGE_STANDARD = "gnu++14";
				CLANG_CXX_LIBRARY = "libc++";
				CLANG_ENABLE_MODULES = YES;
				CLANG_ENABLE_OBJC_ARC = YES;
				CLANG_ENABLE_OBJC_WEAK = YES;
				CLANG_WARN_BLOCK_CAPTURE_AUTORELEASING = YES;
				CLANG_WARN_BOOL_CONVERSION = YES;
				CLANG_WARN_COMMA = YES;
				CLANG_WARN_CONSTANT_CONVERSION = YES;
				CLANG_WARN_DEPRECATED_OBJC_IMPLEMENTATIONS = YES;
				CLANG_WARN_DIRECT_OBJC_ISA_USAGE = YES_ERROR;
				CLANG_WARN_DOCUMENTATION_COMMENTS = YES;
				CLANG_WARN_EMPTY_BODY = YES;
				CLANG_WARN_ENUM_CONVERSION = YES;
				CLANG_WARN_INFINITE_RECURSION = YES;
				CLANG_WARN_INT_CONVERSION = YES;
				CLANG_WARN_NON_LITERAL_NULL_CONVERSION = YES;
				CLANG_WARN_OBJC_IMPLICIT_RETAIN_SELF = YES;
				CLANG_WARN_OBJC_LITERAL_CONVERSION = YES;
				CLANG_WARN_OBJC_ROOT_CLASS = YES_ERROR;
				CLANG_WARN_RANGE_LOOP_ANALYSIS = YES;
				CLANG_WARN_STRICT_PROTOTYPES = YES;
				CLANG_WARN_SUSPICIOUS_MOVE = YES;
				CLANG_WARN_UNGUARDED_AVAILABILITY = YES_AGGRESSIVE;
				CLANG_WARN_UNREACHABLE_CODE = YES;
				CLANG_WARN__DUPLICATE_METHOD_MATCH = YES;
				COPY_PHASE_STRIP = NO;
				DEBUG_INFORMATION_FORMAT = "dwarf-with-dsym";
				ENABLE_NS_ASSERTIONS = NO;
				ENABLE_STRICT_OBJC_MSGSEND = YES;
				GCC_C_LANGUAGE_STANDARD = gnu11;
				GCC_NO_COMMON_BLOCKS = YES;
				GCC_WARN_64_TO_32_BIT_CONVERSION = YES;
				GCC_WARN_ABOUT_RETURN_TYPE = YES_ERROR;
				GCC_WARN_UNDECLARED_SELECTOR = YES;
				GCC_WARN_UNINITIALIZED_AUTOS = YES_AGGRESSIVE;
				GCC_WARN_UNUSED_FUNCTION = YES;
				GCC_WARN_UNUSED_VARIABLE = YES;
				IPHONEOS_DEPLOYMENT_TARGET = 13.2;
				MTL_ENABLE_DEBUG_INFO = NO;
				MTL_FAST_MATH = YES;
				SDKROOT = iphoneos;
				SWIFT_COMPILATION_MODE = wholemodule;
				SWIFT_OPTIMIZATION_LEVEL = "-O";
				VALIDATE_PRODUCT = YES;
			};
			name = Release;
		};
		3B85286D23CCB6F7004191B2 /* Debug */ = {
			isa = XCBuildConfiguration;
			buildSettings = {
				ASSETCATALOG_COMPILER_APPICON_NAME = AppIcon;
				CODE_SIGN_STYLE = Automatic;
				DEVELOPMENT_TEAM = UA2SQY2H22;
				INFOPLIST_FILE = GHFollowers/Info.plist;
				LD_RUNPATH_SEARCH_PATHS = (
					"$(inherited)",
					"@executable_path/Frameworks",
				);
				PRODUCT_BUNDLE_IDENTIFIER = com.chosh.GHFollowers;
				PRODUCT_NAME = "$(TARGET_NAME)";
				SWIFT_VERSION = 5.0;
				TARGETED_DEVICE_FAMILY = 1;
			};
			name = Debug;
		};
		3B85286E23CCB6F7004191B2 /* Release */ = {
			isa = XCBuildConfiguration;
			buildSettings = {
				ASSETCATALOG_COMPILER_APPICON_NAME = AppIcon;
				CODE_SIGN_STYLE = Automatic;
				DEVELOPMENT_TEAM = UA2SQY2H22;
				INFOPLIST_FILE = GHFollowers/Info.plist;
				LD_RUNPATH_SEARCH_PATHS = (
					"$(inherited)",
					"@executable_path/Frameworks",
				);
				PRODUCT_BUNDLE_IDENTIFIER = com.chosh.GHFollowers;
				PRODUCT_NAME = "$(TARGET_NAME)";
				SWIFT_VERSION = 5.0;
				TARGETED_DEVICE_FAMILY = 1;
			};
			name = Release;
		};
/* End XCBuildConfiguration section */

/* Begin XCConfigurationList section */
		3B85285323CCB6F6004191B2 /* Build configuration list for PBXProject "GHFollowers" */ = {
			isa = XCConfigurationList;
			buildConfigurations = (
				3B85286A23CCB6F7004191B2 /* Debug */,
				3B85286B23CCB6F7004191B2 /* Release */,
			);
			defaultConfigurationIsVisible = 0;
			defaultConfigurationName = Release;
		};
		3B85286C23CCB6F7004191B2 /* Build configuration list for PBXNativeTarget "GHFollowers" */ = {
			isa = XCConfigurationList;
			buildConfigurations = (
				3B85286D23CCB6F7004191B2 /* Debug */,
				3B85286E23CCB6F7004191B2 /* Release */,
			);
			defaultConfigurationIsVisible = 0;
			defaultConfigurationName = Release;
		};
/* End XCConfigurationList section */
	};
	rootObject = 3B85285023CCB6F6004191B2 /* Project object */;
}
